
Microsoft Visual Studio Solution File, Format Version 12.00
# Visual Studio Version 17
VisualStudioVersion = 17.0.32014.148
MinimumVisualStudioVersion = 10.0.40219.1
Project("{FAE04EC0-301F-11D3-BF4B-00C04F79EFBC}") = "HealthApp.Blazor", "HealthApp.Blazor\HealthApp.Blazor.csproj", "{547F5386-DF13-4BBD-B281-A6F629BA764E}"
EndProject
Project("{2150E333-8FDC-42A3-9474-1A3956D46DE8}") = "Solution Items", "Solution Items", "{A7FEC774-4B64-48A9-946B-2AF180018A33}"
	ProjectSection(SolutionItems) = preProject
		.editorconfig = .editorconfig
	EndProjectSection
EndProject
Global
	GlobalSection(SolutionConfigurationPlatforms) = preSolution
		Debug|Any CPU = Debug|Any CPU
		Release|Any CPU = Release|Any CPU
	EndGlobalSection
	GlobalSection(ProjectConfigurationPlatforms) = postSolution
		{547F5386-DF13-4BBD-B281-A6F629BA764E}.Debug|Any CPU.ActiveCfg = Debug|Any CPU
		{547F5386-DF13-4BBD-B281-A6F629BA764E}.Debug|Any CPU.Build.0 = Debug|Any CPU
		{547F5386-DF13-4BBD-B281-A6F629BA764E}.Release|Any CPU.ActiveCfg = Release|Any CPU
		{547F5386-DF13-4BBD-B281-A6F629BA764E}.Release|Any CPU.Build.0 = Release|Any CPU
	EndGlobalSection
	GlobalSection(SolutionProperties) = preSolution
		HideSolutionNode = FALSE
	EndGlobalSection
	GlobalSection(ExtensibilityGlobals) = postSolution
		SolutionGuid = {0646F6DD-1D8A-4D9C-9F4D-5F2A88ED5568}
	EndGlobalSection
EndGlobal
